lockfileVersion: '9.0'

settings:
  autoInstallPeers: true
  excludeLinksFromLockfile: false

importers:

  .:
    devDependencies:
      '@types/react':
        specifier: ^18.3.8
        version: 18.3.10
      prettier:
        specifier: ^3.3.3
        version: 3.3.3
      react:
        specifier: ^18.3.1
        version: 18.3.1

  packages/components/button:
    dependencies:
      '@radix-ui/react-slot':
        specifier: ^1.1.0
        version: 1.1.0(@types/react@18.3.10)(react@18.3.1)
      '@zc-ui/utils':
        specifier: workspace:*
        version: link:../../utils
      class-variance-authority:
        specifier: ^0.7.0
        version: 0.7.0
      react:
        specifier: '>=18'
        version: 18.3.1

  packages/components/dnd:
    dependencies:
      '@dnd-kit/core':
        specifier: ^6.1.0
        version: 6.1.0(react-dom@18.3.1(react@18.3.1))(react@18.3.1)
      '@dnd-kit/modifiers':
        specifier: ^7.0.0
        version: 7.0.0(@dnd-kit/core@6.1.0(react-dom@18.3.1(react@18.3.1))(react@18.3.1))(react@18.3.1)
      '@dnd-kit/sortable':
        specifier: ^8.0.0
        version: 8.0.0(@dnd-kit/core@6.1.0(react-dom@18.3.1(react@18.3.1))(react@18.3.1))(react@18.3.1)
      '@dnd-kit/utilities':
        specifier: ^3.2.2
        version: 3.2.2(react@18.3.1)
      '@zc-ui/utils':
        specifier: workspace:*
        version: link:../../utils
      react:
        specifier: '>=18'
        version: 18.3.1

  packages/components/form:
    dependencies:
      '@hookform/resolvers':
        specifier: ^3.9.0
        version: 3.9.0(react-hook-form@7.53.0(react@18.3.1))
      '@radix-ui/react-label':
        specifier: ^2.1.0
        version: 2.1.0(@types/react@18.3.10)(react-dom@18.3.1(react@18.3.1))(react@18.3.1)
      '@radix-ui/react-slot':
        specifier: ^1.1.0
        version: 1.1.0(@types/react@18.3.10)(react@18.3.1)
      '@zc-ui/button':
        specifier: workspace:*
        version: link:../button
      '@zc-ui/input':
        specifier: workspace:*
        version: link:../input
      '@zc-ui/label':
        specifier: workspace:*
        version: link:../label
      '@zc-ui/utils':
        specifier: workspace:*
        version: link:../../utils
      react:
        specifier: '>=18'
        version: 18.3.1
      react-hook-form:
        specifier: ^7.53.0
        version: 7.53.0(react@18.3.1)
      zod:
        specifier: ^3.23.8
        version: 3.23.8

  packages/components/input:
    dependencies:
      '@zc-ui/use-default-props':
        specifier: workspace:*
        version: link:../../hooks/use-default-props
      '@zc-ui/utils':
        specifier: workspace:*
        version: link:../../utils
      react:
        specifier: '>=18'
        version: 18.3.1
    devDependencies:
      '@zc-ui/types':
        specifier: workspace:*
        version: link:../../types

  packages/components/label:
    dependencies:
      '@radix-ui/react-label':
        specifier: ^2.1.0
        version: 2.1.0(@types/react@18.3.10)(react-dom@18.3.1(react@18.3.1))(react@18.3.1)
      '@zc-ui/utils':
        specifier: workspace:*
        version: link:../../utils
      class-variance-authority:
        specifier: ^0.7.0
        version: 0.7.0
      react:
        specifier: '>=18'
        version: 18.3.1

  packages/components/pagination:
    dependencies:
      '@zc-ui/utils':
        specifier: workspace:*
        version: link:../../utils
      react:
        specifier: '>=18'
        version: 18.3.1

  packages/components/resizable:
    dependencies:
      react:
        specifier: '>=18'
        version: 18.3.1
    devDependencies:
      '@radix-ui/react-icons':
        specifier: ^1.3.0
        version: 1.3.0(react@18.3.1)
      '@zc-ui/utils':
        specifier: workspace:*
        version: link:../../utils
      react-resizable-panels:
        specifier: ^2.1.4
        version: 2.1.4(react-dom@18.3.1(react@18.3.1))(react@18.3.1)

  packages/components/tree:
    dependencies:
      react:
        specifier: '>=18'
        version: 18.3.1
    devDependencies:
      '@zc-ui/utils':
        specifier: workspace:*
        version: link:../../utils

  packages/goblin:
    dependencies:
      '@zc-ui/button':
        specifier: workspace:*
        version: link:../components/button
      '@zc-ui/dnd':
        specifier: workspace:*
        version: link:../components/dnd
      '@zc-ui/goblin-core':
        specifier: workspace:*
        version: link:../goblin-core
      '@zc-ui/resizable':
        specifier: workspace:*
        version: link:../components/resizable
      '@zc-ui/utils':
        specifier: workspace:*
        version: link:../utils

  packages/goblin-core:
    dependencies:
      '@zc-ui/dnd':
        specifier: workspace:*
        version: link:../components/dnd
      '@zc-ui/form':
        specifier: workspace:*
        version: link:../components/form
      '@zc-ui/input':
        specifier: workspace:*
        version: link:../components/input
      '@zc-ui/utils':
        specifier: workspace:*
        version: link:../utils
      immer:
        specifier: ^10.1.1
        version: 10.1.1
      zustand:
        specifier: 5.0.0-rc.2
        version: 5.0.0-rc.2(@types/react@18.3.10)(immer@10.1.1)(react@18.3.1)

  packages/hooks/use-controlled:
    dependencies:
      '@types/lodash':
        specifier: ^4.17.9
        version: 4.17.9
      '@zc-ui/use-memoized-fn':
        specifier: workspace:*
        version: link:../use-memoized-fn
      '@zc-ui/use-update':
        specifier: workspace:*
        version: link:../use-update
      '@zc-ui/utils':
        specifier: workspace:*
        version: link:../../utils
      lodash:
        specifier: ^4.17.21
        version: 4.17.21
      react:
        specifier: '>=18'
        version: 18.3.1

  packages/hooks/use-default-props:
    dependencies:
      react:
        specifier: '>=18'
        version: 18.3.1

  packages/hooks/use-memoized-fn:
    dependencies:
      react:
        specifier: '>=18'
        version: 18.3.1

  packages/hooks/use-reset-state:
    dependencies:
      '@zc-ui/use-memoized-fn':
        specifier: workspace:*
        version: link:../use-memoized-fn
      react:
        specifier: '>=18'
        version: 18.3.1

  packages/hooks/use-update:
    dependencies:
      react:
        specifier: '>=18'
        version: 18.3.1

  packages/types: {}

  packages/utils:
    dependencies:
      clsx:
        specifier: ^2.1.1
        version: 2.1.1
      lodash-es:
        specifier: ^4.17.21
        version: 4.17.21
      tailwind-merge:
        specifier: ^2.5.2
        version: 2.5.2
    devDependencies:
      '@types/lodash-es':
        specifier: ^4.17.12
        version: 4.17.12

packages:

  '@dnd-kit/accessibility@3.1.0':
    resolution: {integrity: sha512-ea7IkhKvlJUv9iSHJOnxinBcoOI3ppGnnL+VDJ75O45Nss6HtZd8IdN8touXPDtASfeI2T2LImb8VOZcL47wjQ==}
    peerDependencies:
      react: '>=16.8.0'

  '@dnd-kit/core@6.1.0':
    resolution: {integrity: sha512-J3cQBClB4TVxwGo3KEjssGEXNJqGVWx17aRTZ1ob0FliR5IjYgTxl5YJbKTzA6IzrtelotH19v6y7uoIRUZPSg==}
    peerDependencies:
      react: '>=16.8.0'
      react-dom: '>=16.8.0'

  '@dnd-kit/modifiers@7.0.0':
    resolution: {integrity: sha512-BG/ETy3eBjFap7+zIti53f0PCLGDzNXyTmn6fSdrudORf+OH04MxrW4p5+mPu4mgMk9kM41iYONjc3DOUWTcfg==}
    peerDependencies:
      '@dnd-kit/core': ^6.1.0
      react: '>=16.8.0'

  '@dnd-kit/sortable@8.0.0':
    resolution: {integrity: sha512-U3jk5ebVXe1Lr7c2wU7SBZjcWdQP+j7peHJfCspnA81enlu88Mgd7CC8Q+pub9ubP7eKVETzJW+IBAhsqbSu/g==}
    peerDependencies:
      '@dnd-kit/core': ^6.1.0
      react: '>=16.8.0'

  '@dnd-kit/utilities@3.2.2':
    resolution: {integrity: sha512-+MKAJEOfaBe5SmV6t34p80MMKhjvUz0vRrvVJbPT0WElzaOJ/1xs+D+KDv+tD/NE5ujfrChEcshd4fLn0wpiqg==}
    peerDependencies:
      react: '>=16.8.0'

  '@hookform/resolvers@3.9.0':
    resolution: {integrity: sha512-bU0Gr4EepJ/EQsH/IwEzYLsT/PEj5C0ynLQ4m+GSHS+xKH4TfSelhluTgOaoc4kA5s7eCsQbM4wvZLzELmWzUg==}
    peerDependencies:
      react-hook-form: ^7.0.0

  '@radix-ui/react-compose-refs@1.1.0':
    resolution: {integrity: sha512-b4inOtiaOnYf9KWyO3jAeeCG6FeyfY6ldiEPanbUjWd+xIk5wZeHa8yVwmrJ2vderhu/BQvzCrJI0lHd+wIiqw==}
    peerDependencies:
      '@types/react': '*'
      react: ^16.8 || ^17.0 || ^18.0 || ^19.0 || ^19.0.0-rc
    peerDependenciesMeta:
      '@types/react':
        optional: true

  '@radix-ui/react-icons@1.3.0':
    resolution: {integrity: sha512-jQxj/0LKgp+j9BiTXz3O3sgs26RNet2iLWmsPyRz2SIcR4q/4SbazXfnYwbAr+vLYKSfc7qxzyGQA1HLlYiuNw==}
    peerDependencies:
      react: ^16.x || ^17.x || ^18.x

  '@radix-ui/react-label@2.1.0':
    resolution: {integrity: sha512-peLblDlFw/ngk3UWq0VnYaOLy6agTZZ+MUO/WhVfm14vJGML+xH4FAl2XQGLqdefjNb7ApRg6Yn7U42ZhmYXdw==}
    peerDependencies:
      '@types/react': '*'
      '@types/react-dom': '*'
      react: ^16.8 || ^17.0 || ^18.0 || ^19.0 || ^19.0.0-rc
      react-dom: ^16.8 || ^17.0 || ^18.0 || ^19.0 || ^19.0.0-rc
    peerDependenciesMeta:
      '@types/react':
        optional: true
      '@types/react-dom':
        optional: true

  '@radix-ui/react-primitive@2.0.0':
    resolution: {integrity: sha512-ZSpFm0/uHa8zTvKBDjLFWLo8dkr4MBsiDLz0g3gMUwqgLHz9rTaRRGYDgvZPtBJgYCBKXkS9fzmoySgr8CO6Cw==}
    peerDependencies:
      '@types/react': '*'
      '@types/react-dom': '*'
      react: ^16.8 || ^17.0 || ^18.0 || ^19.0 || ^19.0.0-rc
      react-dom: ^16.8 || ^17.0 || ^18.0 || ^19.0 || ^19.0.0-rc
    peerDependenciesMeta:
      '@types/react':
        optional: true
      '@types/react-dom':
        optional: true

  '@radix-ui/react-slot@1.1.0':
    resolution: {integrity: sha512-FUCf5XMfmW4dtYl69pdS4DbxKy8nj4M7SafBgPllysxmdachynNflAdp/gCsnYWNDnge6tI9onzMp5ARYc1KNw==}
    peerDependencies:
      '@types/react': '*'
      react: ^16.8 || ^17.0 || ^18.0 || ^19.0 || ^19.0.0-rc
    peerDependenciesMeta:
      '@types/react':
        optional: true

  '@types/lodash-es@4.17.12':
    resolution: {integrity: sha512-0NgftHUcV4v34VhXm8QBSftKVXtbkBG3ViCjs6+eJ5a6y6Mi/jiFGPc1sC7QK+9BFhWrURE3EOggmWaSxL9OzQ==}

  '@types/lodash@4.17.9':
    resolution: {integrity: sha512-w9iWudx1XWOHW5lQRS9iKpK/XuRhnN+0T7HvdCCd802FYkT1AMTnxndJHGrNJwRoRHkslGr4S29tjm1cT7x/7w==}

  '@types/prop-types@15.7.13':
    resolution: {integrity: sha512-hCZTSvwbzWGvhqxp/RqVqwU999pBf2vp7hzIjiYOsl8wqOmUxkQ6ddw1cV3l8811+kdUFus/q4d1Y3E3SyEifA==}

  '@types/react@18.3.10':
    resolution: {integrity: sha512-02sAAlBnP39JgXwkAq3PeU9DVaaGpZyF3MGcC0MKgQVkZor5IiiDAipVaxQHtDJAmO4GIy/rVBy/LzVj76Cyqg==}

  class-variance-authority@0.7.0:
    resolution: {integrity: sha512-jFI8IQw4hczaL4ALINxqLEXQbWcNjoSkloa4IaufXCJr6QawJyw7tuRysRsrE8w2p/4gGaxKIt/hX3qz/IbD1A==}

  clsx@2.0.0:
    resolution: {integrity: sha512-rQ1+kcj+ttHG0MKVGBUXwayCCF1oh39BF5COIpRzuCEv8Mwjv0XucrI2ExNTOn9IlLifGClWQcU9BrZORvtw6Q==}
    engines: {node: '>=6'}

  clsx@2.1.1:
    resolution: {integrity: sha512-eYm0QWBtUrBWZWG0d386OGAw16Z995PiOVo2B7bjWSbHedGl5e0ZWaq65kOGgUSNesEIDkB9ISbTg/JK9dhCZA==}
    engines: {node: '>=6'}

  csstype@3.1.3:
    resolution: {integrity: sha512-M1uQkMl8rQK/szD0LNhtqxIPLpimGm8sOBwU7lLnCpSbTyY3yeU1Vc7l4KT5zT4s/yOxHH5O7tIuuLOCnLADRw==}

  immer@10.1.1:
    resolution: {integrity: sha512-s2MPrmjovJcoMaHtx6K11Ra7oD05NT97w1IC5zpMkT6Atjr7H8LjaDd81iIxUYpMKSRRNMJE703M1Fhr/TctHw==}

  js-tokens@4.0.0:
    resolution: {integrity: sha512-RdJUflcE3cUzKiMqQgsCu06FPu9UdIJO0beYbPhHN4k6apgJtifcoCtT9bcxOpYBtpD2kCM6Sbzg4CausW/PKQ==}

  lodash-es@4.17.21:
    resolution: {integrity: sha512-mKnC+QJ9pWVzv+C4/U3rRsHapFfHvQFoFB92e52xeyGMcX6/OlIl78je1u8vePzYZSkkogMPJ2yjxxsb89cxyw==}

  lodash@4.17.21:
    resolution: {integrity: sha512-v2kDEe57lecTulaDIuNTPy3Ry4gLGJ6Z1O3vE1krgXZNrsQ+LFTGHVxVjcXPs17LhbZVGedAJv8XZ1tvj5FvSg==}

  loose-envify@1.4.0:
    resolution: {integrity: sha512-lyuxPGr/Wfhrlem2CL/UcnUc1zcqKAImBDzukY7Y5F/yQiNdko6+fRLevlw1HgMySw7f611UIY408EtxRSoK3Q==}
    hasBin: true

  prettier@3.3.3:
    resolution: {integrity: sha512-i2tDNA0O5IrMO757lfrdQZCc2jPNDVntV0m/+4whiDfWaTKfMNgR7Qz0NAeGz/nRqF4m5/6CLzbP4/liHt12Ew==}
    engines: {node: '>=14'}
    hasBin: true

  react-dom@18.3.1:
    resolution: {integrity: sha512-5m4nQKp+rZRb09LNH59GM4BxTh9251/ylbKIbpe7TpGxfJ+9kv6BLkLBXIjjspbgbnIBNqlI23tRnTWT0snUIw==}
    peerDependencies:
      react: ^18.3.1

  react-hook-form@7.53.0:
    resolution: {integrity: sha512-M1n3HhqCww6S2hxLxciEXy2oISPnAzxY7gvwVPrtlczTM/1dDadXgUxDpHMrMTblDOcm/AXtXxHwZ3jpg1mqKQ==}
    engines: {node: '>=18.0.0'}
    peerDependencies:
      react: ^16.8.0 || ^17 || ^18 || ^19

  react-resizable-panels@2.1.4:
    resolution: {integrity: sha512-kzue8lsoSBdyyd2IfXLQMMhNujOxRoGVus+63K95fQqleGxTfvgYLTzbwYMOODeAHqnkjb3WV/Ks7f5+gDYZuQ==}
    peerDependencies:
      react: ^16.14.0 || ^17.0.0 || ^18.0.0
      react-dom: ^16.14.0 || ^17.0.0 || ^18.0.0

  react@18.3.1:
    resolution: {integrity: sha512-wS+hAgJShR0KhEvPJArfuPVN1+Hz1t0Y6n5jLrGQbkb4urgPE/0Rve+1kMB1v/oWgHgm4WIcV+i7F2pTVj+2iQ==}
    engines: {node: '>=0.10.0'}

  scheduler@0.23.2:
    resolution: {integrity: sha512-UOShsPwz7NrMUqhR6t0hWjFduvOzbtv7toDH1/hIrfRNIDBnnBWd0CwJTGvTpngVlmwGCdP9/Zl/tVrDqcuYzQ==}

  tailwind-merge@2.5.2:
    resolution: {integrity: sha512-kjEBm+pvD+6eAwzJL2Bi+02/9LFLal1Gs61+QB7HvTfQQ0aXwC5LGT8PEt1gS0CWKktKe6ysPTAy3cBC5MeiIg==}

  tslib@2.7.0:
    resolution: {integrity: sha512-gLXCKdN1/j47AiHiOkJN69hJmcbGTHI0ImLmbYLHykhgeN0jVGola9yVjFgzCUklsZQMW55o+dW7IXv3RCXDzA==}

  zod@3.23.8:
    resolution: {integrity: sha512-XBx9AXhXktjUqnepgTiE5flcKIYWi/rme0Eaj+5Y0lftuGBq+jyRu/md4WnuxqgP1ubdpNCsYEYPxrzVHD8d6g==}

  zustand@5.0.0-rc.2:
    resolution: {integrity: sha512-o2Nwuvnk8vQBX7CcHL8WfFkZNJdxB/VKeWw0tNglw8p4cypsZ3tRT7rTRTDNeUPFS0qaMBRSKe+fVwL5xpcE3A==}
    engines: {node: '>=12.20.0'}
    peerDependencies:
      '@types/react': '>=18.0.0'
      immer: '>=9.0.6'
      react: '>=18.0.0'
      use-sync-external-store: '>=1.2.0'
    peerDependenciesMeta:
      '@types/react':
        optional: true
      immer:
        optional: true
      react:
        optional: true
      use-sync-external-store:
        optional: true

snapshots:

  '@dnd-kit/accessibility@3.1.0(react@18.3.1)':
    dependencies:
      react: 18.3.1
      tslib: 2.7.0

  '@dnd-kit/core@6.1.0(react-dom@18.3.1(react@18.3.1))(react@18.3.1)':
    dependencies:
      '@dnd-kit/accessibility': 3.1.0(react@18.3.1)
      '@dnd-kit/utilities': 3.2.2(react@18.3.1)
      react: 18.3.1
      react-dom: 18.3.1(react@18.3.1)
      tslib: 2.7.0

  '@dnd-kit/modifiers@7.0.0(@dnd-kit/core@6.1.0(react-dom@18.3.1(react@18.3.1))(react@18.3.1))(react@18.3.1)':
    dependencies:
      '@dnd-kit/core': 6.1.0(react-dom@18.3.1(react@18.3.1))(react@18.3.1)
      '@dnd-kit/utilities': 3.2.2(react@18.3.1)
      react: 18.3.1
      tslib: 2.7.0

  '@dnd-kit/sortable@8.0.0(@dnd-kit/core@6.1.0(react-dom@18.3.1(react@18.3.1))(react@18.3.1))(react@18.3.1)':
    dependencies:
      '@dnd-kit/core': 6.1.0(react-dom@18.3.1(react@18.3.1))(react@18.3.1)
      '@dnd-kit/utilities': 3.2.2(react@18.3.1)
      react: 18.3.1
      tslib: 2.7.0

  '@dnd-kit/utilities@3.2.2(react@18.3.1)':
    dependencies:
      react: 18.3.1
      tslib: 2.7.0

  '@hookform/resolvers@3.9.0(react-hook-form@7.53.0(react@18.3.1))':
    dependencies:
      react-hook-form: 7.53.0(react@18.3.1)

  '@radix-ui/react-compose-refs@1.1.0(@types/react@18.3.10)(react@18.3.1)':
    dependencies:
      react: 18.3.1
    optionalDependencies:
      '@types/react': 18.3.10

  '@radix-ui/react-icons@1.3.0(react@18.3.1)':
    dependencies:
      react: 18.3.1

  '@radix-ui/react-label@2.1.0(@types/react@18.3.10)(react-dom@18.3.1(react@18.3.1))(react@18.3.1)':
    dependencies:
      '@radix-ui/react-primitive': 2.0.0(@types/react@18.3.10)(react-dom@18.3.1(react@18.3.1))(react@18.3.1)
      react: 18.3.1
      react-dom: 18.3.1(react@18.3.1)
    optionalDependencies:
      '@types/react': 18.3.10

  '@radix-ui/react-primitive@2.0.0(@types/react@18.3.10)(react-dom@18.3.1(react@18.3.1))(react@18.3.1)':
    dependencies:
      '@radix-ui/react-slot': 1.1.0(@types/react@18.3.10)(react@18.3.1)
      react: 18.3.1
      react-dom: 18.3.1(react@18.3.1)
    optionalDependencies:
      '@types/react': 18.3.10

  '@radix-ui/react-slot@1.1.0(@types/react@18.3.10)(react@18.3.1)':
    dependencies:
      '@radix-ui/react-compose-refs': 1.1.0(@types/react@18.3.10)(react@18.3.1)
      react: 18.3.1
    optionalDependencies:
      '@types/react': 18.3.10

  '@types/lodash-es@4.17.12':
    dependencies:
      '@types/lodash': 4.17.9

  '@types/lodash@4.17.9': {}

  '@types/prop-types@15.7.13': {}

  '@types/react@18.3.10':
    dependencies:
      '@types/prop-types': 15.7.13
      csstype: 3.1.3

  class-variance-authority@0.7.0:
    dependencies:
      clsx: 2.0.0

  clsx@2.0.0: {}

  clsx@2.1.1: {}

  csstype@3.1.3: {}

  immer@10.1.1: {}

  js-tokens@4.0.0: {}

  lodash-es@4.17.21: {}

  lodash@4.17.21: {}

  loose-envify@1.4.0:
    dependencies:
      js-tokens: 4.0.0

  prettier@3.3.3: {}

  react-dom@18.3.1(react@18.3.1):
    dependencies:
      loose-envify: 1.4.0
      react: 18.3.1
      scheduler: 0.23.2

  react-hook-form@7.53.0(react@18.3.1):
    dependencies:
      react: 18.3.1

  react-resizable-panels@2.1.4(react-dom@18.3.1(react@18.3.1))(react@18.3.1):
    dependencies:
      react: 18.3.1
      react-dom: 18.3.1(react@18.3.1)

  react@18.3.1:
    dependencies:
      loose-envify: 1.4.0

  scheduler@0.23.2:
    dependencies:
      loose-envify: 1.4.0

  tailwind-merge@2.5.2: {}

  tslib@2.7.0: {}

  zod@3.23.8: {}

  zustand@5.0.0-rc.2(@types/react@18.3.10)(immer@10.1.1)(react@18.3.1):
    optionalDependencies:
      '@types/react': 18.3.10
      immer: 10.1.1
      react: 18.3.1
